
Microsoft Visual Studio Solution File, Format Version 12.00
# Visual Studio Version 17
VisualStudioVersion = 17.5.33530.505
MinimumVisualStudioVersion = 10.0.40219.1
Project("{FAE04EC0-301F-11D3-BF4B-00C04F79EFBC}") = "CreationalDesignPatterns.AbstractFactory", "CreationalDesignPatterns.AbstractFactory\CreationalDesignPatterns.AbstractFactory.csproj", "{836B0E23-D00E-4DCA-8822-440FE02E502B}"
EndProject
Global
	GlobalSection(SolutionConfigurationPlatforms) = preSolution
		Debug|Any CPU = Debug|Any CPU
		Release|Any CPU = Release|Any CPU
	EndGlobalSection
	GlobalSection(ProjectConfigurationPlatforms) = postSolution
		{836B0E23-D00E-4DCA-8822-440FE02E502B}.Debug|Any CPU.ActiveCfg = Debug|Any CPU
		{836B0E23-D00E-4DCA-8822-440FE02E502B}.Debug|Any CPU.Build.0 = Debug|Any CPU
		{836B0E23-D00E-4DCA-8822-440FE02E502B}.Release|Any CPU.ActiveCfg = Release|Any CPU
		{836B0E23-D00E-4DCA-8822-440FE02E502B}.Release|Any CPU.Build.0 = Release|Any CPU
	EndGlobalSection
	GlobalSection(SolutionProperties) = preSolution
		HideSolutionNode = FALSE
	EndGlobalSection
	GlobalSection(ExtensibilityGlobals) = postSolution
		SolutionGuid = {9908A773-1851-4D9C-B84A-066EE8D41BAA}
	EndGlobalSection
EndGlobal
